// !$*UTF8*$!
{
	archiveVersion = 1;
	classes = {
	};
	objectVersion = 56;
	objects = {

/* Begin PBXFileReference section */
		FC19708B2A41D71300E4A4D6 /* stack.swift */ = {isa = PBXFileReference; lastKnownFileType = sourcecode.swift; path = stack.swift; sourceTree = "<group>"; };
		FC1970FA2A41FAF600E4A4D6 /* Node.swift */ = {isa = PBXFileReference; lastKnownFileType = sourcecode.swift; path = Node.swift; sourceTree = "<group>"; };
		FC1970FB2A41FB1800E4A4D6 /* StackTest.swift */ = {isa = PBXFileReference; lastKnownFileType = sourcecode.swift; path = StackTest.swift; sourceTree = "<group>"; };
		FC1970FF2A42479300E4A4D6 /* FunctionalArray.swift */ = {isa = PBXFileReference; lastKnownFileType = sourcecode.swift; path = FunctionalArray.swift; sourceTree = "<group>"; };
/* End PBXFileReference section */

/* Begin PBXGroup section */
		FCA789F82A41D45400F26DC8 = {
			isa = PBXGroup;
			children = (
				FC1970FF2A42479300E4A4D6 /* FunctionalArray.swift */,
				FC1970FB2A41FB1800E4A4D6 /* StackTest.swift */,
				FC1970FA2A41FAF600E4A4D6 /* Node.swift */,
				FC19708B2A41D71300E4A4D6 /* stack.swift */,
			);
			sourceTree = "<group>";
		};
/* End PBXGroup section */

/* Begin PBXProject section */
		FCA789F92A41D45400F26DC8 /* Project object */ = {
			isa = PBXProject;
			attributes = {
				BuildIndependentTargetsInParallel = 1;
				LastUpgradeCheck = 1420;
			};
			buildConfigurationList = FCA789FC2A41D45400F26DC8 /* Build configuration list for PBXProject "SwiftTrainingExercise" */;
			compatibilityVersion = "Xcode 14.0";
			developmentRegion = en;
			hasScannedForEncodings = 0;
			knownRegions = (
				en,
				Base,
			);
			mainGroup = FCA789F82A41D45400F26DC8;
			projectDirPath = "";
			projectRoot = "";
			targets = (
			);
		};
/* End PBXProject section */

/* Begin XCBuildConfiguration section */
		FCA789FD2A41D45400F26DC8 /* Debug */ = {
			isa = XCBuildConfiguration;
			buildSettings = {
			};
			name = Debug;
		};
		FCA789FE2A41D45400F26DC8 /* Release */ = {
			isa = XCBuildConfiguration;
			buildSettings = {
			};
			name = Release;
		};
/* End XCBuildConfiguration section */

/* Begin XCConfigurationList section */
		FCA789FC2A41D45400F26DC8 /* Build configuration list for PBXProject "SwiftTrainingExercise" */ = {
			isa = XCConfigurationList;
			buildConfigurations = (
				FCA789FD2A41D45400F26DC8 /* Debug */,
				FCA789FE2A41D45400F26DC8 /* Release */,
			);
			defaultConfigurationIsVisible = 0;
			defaultConfigurationName = Release;
		};
/* End XCConfigurationList section */
	};
	rootObject = FCA789F92A41D45400F26DC8 /* Project object */;
}
